
Microsoft Visual Studio Solution File, Format Version 12.00
# Visual Studio Version 17
VisualStudioVersion = 17.9.34728.123
MinimumVisualStudioVersion = 10.0.40219.1
Project("{2150E333-8FDC-42A3-9474-1A3956D46DE8}") = "src", "src", "{2259147E-9B2B-4454-BAAC-482943D43C73}"
EndProject
Project("{2150E333-8FDC-42A3-9474-1A3956D46DE8}") = "tests", "tests", "{4613D800-0B72-4295-B2BC-8CF60BA2796C}"
EndProject
Project("{9A19103F-16F7-4668-BE54-9A1E7A4F7556}") = "LabWebApp", "src\LabWebApp\LabWebApp.csproj", "{26885218-6EF3-4C74-80D0-23CAF16056EF}"
EndProject
Project("{FAE04EC0-301F-11D3-BF4B-00C04F79EFBC}") = "LabWebAppTests", "tests\LabWebAppTests\LabWebAppTests.csproj", "{A0949F05-0C77-417D-A2AC-5C837BF143A9}"
EndProject
Global
	GlobalSection(SolutionConfigurationPlatforms) = preSolution
		Debug|Any CPU = Debug|Any CPU
		Release|Any CPU = Release|Any CPU
	EndGlobalSection
	GlobalSection(ProjectConfigurationPlatforms) = postSolution
		{26885218-6EF3-4C74-80D0-23CAF16056EF}.Debug|Any CPU.ActiveCfg = Debug|Any CPU
		{26885218-6EF3-4C74-80D0-23CAF16056EF}.Debug|Any CPU.Build.0 = Debug|Any CPU
		{26885218-6EF3-4C74-80D0-23CAF16056EF}.Release|Any CPU.ActiveCfg = Release|Any CPU
		{26885218-6EF3-4C74-80D0-23CAF16056EF}.Release|Any CPU.Build.0 = Release|Any CPU
		{A0949F05-0C77-417D-A2AC-5C837BF143A9}.Debug|Any CPU.ActiveCfg = Debug|Any CPU
		{A0949F05-0C77-417D-A2AC-5C837BF143A9}.Debug|Any CPU.Build.0 = Debug|Any CPU
		{A0949F05-0C77-417D-A2AC-5C837BF143A9}.Release|Any CPU.ActiveCfg = Release|Any CPU
		{A0949F05-0C77-417D-A2AC-5C837BF143A9}.Release|Any CPU.Build.0 = Release|Any CPU
	EndGlobalSection
	GlobalSection(SolutionProperties) = preSolution
		HideSolutionNode = FALSE
	EndGlobalSection
	GlobalSection(NestedProjects) = preSolution
		{26885218-6EF3-4C74-80D0-23CAF16056EF} = {2259147E-9B2B-4454-BAAC-482943D43C73}
		{A0949F05-0C77-417D-A2AC-5C837BF143A9} = {4613D800-0B72-4295-B2BC-8CF60BA2796C}
	EndGlobalSection
	GlobalSection(ExtensibilityGlobals) = postSolution
		SolutionGuid = {E725826B-D9E5-460D-94BF-5C3134D6EF1B}
	EndGlobalSection
EndGlobal
