
Microsoft Visual Studio Solution File, Format Version 12.00
# Visual Studio Version 17
VisualStudioVersion = 17.9.34728.123
MinimumVisualStudioVersion = 10.0.40219.1
Project("{2150E333-8FDC-42A3-9474-1A3956D46DE8}") = "src", "src", "{2259147E-9B2B-4454-BAAC-482943D43C73}"
EndProject
Project("{2150E333-8FDC-42A3-9474-1A3956D46DE8}") = "tests", "tests", "{4613D800-0B72-4295-B2BC-8CF60BA2796C}"
EndProject
Project("{9A19103F-16F7-4668-BE54-9A1E7A4F7556}") = "LabWebApp", "src\LabWebApp\LabWebApp.csproj", "{26885218-6EF3-4C74-80D0-23CAF16056EF}"
EndProject
Project("{9A19103F-16F7-4668-BE54-9A1E7A4F7556}") = "LabWebAppTests", "tests\LabWebAppTests\LabWebAppTests.csproj", "{A0949F05-0C77-417D-A2AC-5C837BF143A9}"
EndProject
Project("{9A19103F-16F7-4668-BE54-9A1E7A4F7556}") = "PartyInvites", "src\PartyInvites\PartyInvites.csproj", "{A2377079-0B63-4793-A5A0-A71314911104}"
EndProject
Project("{9A19103F-16F7-4668-BE54-9A1E7A4F7556}") = "Developers", "src\Developers\Developers.csproj", "{2E12717C-43D8-4314-895D-76576A65B571}"
EndProject
Project("{9A19103F-16F7-4668-BE54-9A1E7A4F7556}") = "Resistance", "src\Resistance\Resistance.csproj", "{41438492-94A5-4177-84E2-C1770261855E}"
EndProject
Project("{9A19103F-16F7-4668-BE54-9A1E7A4F7556}") = "ResistanceTests", "tests\ResistanceTests\ResistanceTests.csproj", "{51C4A0CA-CE2F-4036-B13B-E6DD88DB8880}"
EndProject
Project("{9A19103F-16F7-4668-BE54-9A1E7A4F7556}") = "DevelopersClub", "src\DevelopersClub\DevelopersClub.csproj", "{2E076A83-8C84-40A3-A1EB-C91D6F63D25C}"
EndProject
Project("{9A19103F-16F7-4668-BE54-9A1E7A4F7556}") = "ProgrammersClub", "src\ProgrammersClub\ProgrammersClub.csproj", "{DCBE84E6-CD77-40D6-80A8-E12BFCAD4BAF}"
EndProject
Project("{FAE04EC0-301F-11D3-BF4B-00C04F79EFBC}") = "SpyOnlineGame", "src\SpyOnlineGame\SpyOnlineGame.csproj", "{7EDB2D28-5A28-43DB-A34E-0583C17293CF}"
EndProject
Project("{FAE04EC0-301F-11D3-BF4B-00C04F79EFBC}") = "HelloHypermedia", "src\HelloHypermedia\HelloHypermedia.csproj", "{2B401B8F-18A7-4068-AD31-18D5DB01277F}"
EndProject
Project("{FAE04EC0-301F-11D3-BF4B-00C04F79EFBC}") = "ConsoleAppMl", "src\ConsoleAppMl\ConsoleAppMl.csproj", "{5B3D1301-23F5-42E8-8E5D-B7EE8D93B20A}"
EndProject
Global
	GlobalSection(SolutionConfigurationPlatforms) = preSolution
		Debug|Any CPU = Debug|Any CPU
		Release|Any CPU = Release|Any CPU
	EndGlobalSection
	GlobalSection(ProjectConfigurationPlatforms) = postSolution
		{26885218-6EF3-4C74-80D0-23CAF16056EF}.Debug|Any CPU.ActiveCfg = Debug|Any CPU
		{26885218-6EF3-4C74-80D0-23CAF16056EF}.Debug|Any CPU.Build.0 = Debug|Any CPU
		{26885218-6EF3-4C74-80D0-23CAF16056EF}.Release|Any CPU.ActiveCfg = Release|Any CPU
		{26885218-6EF3-4C74-80D0-23CAF16056EF}.Release|Any CPU.Build.0 = Release|Any CPU
		{A0949F05-0C77-417D-A2AC-5C837BF143A9}.Debug|Any CPU.ActiveCfg = Debug|Any CPU
		{A0949F05-0C77-417D-A2AC-5C837BF143A9}.Debug|Any CPU.Build.0 = Debug|Any CPU
		{A0949F05-0C77-417D-A2AC-5C837BF143A9}.Release|Any CPU.ActiveCfg = Release|Any CPU
		{A0949F05-0C77-417D-A2AC-5C837BF143A9}.Release|Any CPU.Build.0 = Release|Any CPU
		{A2377079-0B63-4793-A5A0-A71314911104}.Debug|Any CPU.ActiveCfg = Debug|Any CPU
		{A2377079-0B63-4793-A5A0-A71314911104}.Debug|Any CPU.Build.0 = Debug|Any CPU
		{A2377079-0B63-4793-A5A0-A71314911104}.Release|Any CPU.ActiveCfg = Release|Any CPU
		{A2377079-0B63-4793-A5A0-A71314911104}.Release|Any CPU.Build.0 = Release|Any CPU
		{2E12717C-43D8-4314-895D-76576A65B571}.Debug|Any CPU.ActiveCfg = Debug|Any CPU
		{2E12717C-43D8-4314-895D-76576A65B571}.Debug|Any CPU.Build.0 = Debug|Any CPU
		{2E12717C-43D8-4314-895D-76576A65B571}.Release|Any CPU.ActiveCfg = Release|Any CPU
		{2E12717C-43D8-4314-895D-76576A65B571}.Release|Any CPU.Build.0 = Release|Any CPU
		{41438492-94A5-4177-84E2-C1770261855E}.Debug|Any CPU.ActiveCfg = Debug|Any CPU
		{41438492-94A5-4177-84E2-C1770261855E}.Debug|Any CPU.Build.0 = Debug|Any CPU
		{41438492-94A5-4177-84E2-C1770261855E}.Release|Any CPU.ActiveCfg = Release|Any CPU
		{41438492-94A5-4177-84E2-C1770261855E}.Release|Any CPU.Build.0 = Release|Any CPU
		{51C4A0CA-CE2F-4036-B13B-E6DD88DB8880}.Debug|Any CPU.ActiveCfg = Debug|Any CPU
		{51C4A0CA-CE2F-4036-B13B-E6DD88DB8880}.Debug|Any CPU.Build.0 = Debug|Any CPU
		{51C4A0CA-CE2F-4036-B13B-E6DD88DB8880}.Release|Any CPU.ActiveCfg = Release|Any CPU
		{51C4A0CA-CE2F-4036-B13B-E6DD88DB8880}.Release|Any CPU.Build.0 = Release|Any CPU
		{2E076A83-8C84-40A3-A1EB-C91D6F63D25C}.Debug|Any CPU.ActiveCfg = Debug|Any CPU
		{2E076A83-8C84-40A3-A1EB-C91D6F63D25C}.Debug|Any CPU.Build.0 = Debug|Any CPU
		{2E076A83-8C84-40A3-A1EB-C91D6F63D25C}.Release|Any CPU.ActiveCfg = Release|Any CPU
		{2E076A83-8C84-40A3-A1EB-C91D6F63D25C}.Release|Any CPU.Build.0 = Release|Any CPU
		{DCBE84E6-CD77-40D6-80A8-E12BFCAD4BAF}.Debug|Any CPU.ActiveCfg = Debug|Any CPU
		{DCBE84E6-CD77-40D6-80A8-E12BFCAD4BAF}.Debug|Any CPU.Build.0 = Debug|Any CPU
		{DCBE84E6-CD77-40D6-80A8-E12BFCAD4BAF}.Release|Any CPU.ActiveCfg = Release|Any CPU
		{DCBE84E6-CD77-40D6-80A8-E12BFCAD4BAF}.Release|Any CPU.Build.0 = Release|Any CPU
		{7EDB2D28-5A28-43DB-A34E-0583C17293CF}.Debug|Any CPU.ActiveCfg = Debug|Any CPU
		{7EDB2D28-5A28-43DB-A34E-0583C17293CF}.Debug|Any CPU.Build.0 = Debug|Any CPU
		{7EDB2D28-5A28-43DB-A34E-0583C17293CF}.Release|Any CPU.ActiveCfg = Release|Any CPU
		{7EDB2D28-5A28-43DB-A34E-0583C17293CF}.Release|Any CPU.Build.0 = Release|Any CPU
		{2B401B8F-18A7-4068-AD31-18D5DB01277F}.Debug|Any CPU.ActiveCfg = Debug|Any CPU
		{2B401B8F-18A7-4068-AD31-18D5DB01277F}.Debug|Any CPU.Build.0 = Debug|Any CPU
		{2B401B8F-18A7-4068-AD31-18D5DB01277F}.Release|Any CPU.ActiveCfg = Release|Any CPU
		{2B401B8F-18A7-4068-AD31-18D5DB01277F}.Release|Any CPU.Build.0 = Release|Any CPU
		{5B3D1301-23F5-42E8-8E5D-B7EE8D93B20A}.Debug|Any CPU.ActiveCfg = Debug|Any CPU
		{5B3D1301-23F5-42E8-8E5D-B7EE8D93B20A}.Debug|Any CPU.Build.0 = Debug|Any CPU
		{5B3D1301-23F5-42E8-8E5D-B7EE8D93B20A}.Release|Any CPU.ActiveCfg = Release|Any CPU
		{5B3D1301-23F5-42E8-8E5D-B7EE8D93B20A}.Release|Any CPU.Build.0 = Release|Any CPU
	EndGlobalSection
	GlobalSection(SolutionProperties) = preSolution
		HideSolutionNode = FALSE
	EndGlobalSection
	GlobalSection(NestedProjects) = preSolution
		{26885218-6EF3-4C74-80D0-23CAF16056EF} = {2259147E-9B2B-4454-BAAC-482943D43C73}
		{A0949F05-0C77-417D-A2AC-5C837BF143A9} = {4613D800-0B72-4295-B2BC-8CF60BA2796C}
		{A2377079-0B63-4793-A5A0-A71314911104} = {2259147E-9B2B-4454-BAAC-482943D43C73}
		{2E12717C-43D8-4314-895D-76576A65B571} = {2259147E-9B2B-4454-BAAC-482943D43C73}
		{41438492-94A5-4177-84E2-C1770261855E} = {2259147E-9B2B-4454-BAAC-482943D43C73}
		{51C4A0CA-CE2F-4036-B13B-E6DD88DB8880} = {4613D800-0B72-4295-B2BC-8CF60BA2796C}
		{2E076A83-8C84-40A3-A1EB-C91D6F63D25C} = {2259147E-9B2B-4454-BAAC-482943D43C73}
		{DCBE84E6-CD77-40D6-80A8-E12BFCAD4BAF} = {2259147E-9B2B-4454-BAAC-482943D43C73}
		{7EDB2D28-5A28-43DB-A34E-0583C17293CF} = {2259147E-9B2B-4454-BAAC-482943D43C73}
		{2B401B8F-18A7-4068-AD31-18D5DB01277F} = {2259147E-9B2B-4454-BAAC-482943D43C73}
		{5B3D1301-23F5-42E8-8E5D-B7EE8D93B20A} = {2259147E-9B2B-4454-BAAC-482943D43C73}
	EndGlobalSection
	GlobalSection(ExtensibilityGlobals) = postSolution
		SolutionGuid = {E725826B-D9E5-460D-94BF-5C3134D6EF1B}
	EndGlobalSection
EndGlobal
