
Microsoft Visual Studio Solution File, Format Version 12.00
# Visual Studio Version 17
VisualStudioVersion = 17.8.34309.116
MinimumVisualStudioVersion = 10.0.40219.1
Project("{9A19103F-16F7-4668-BE54-9A1E7A4F7556}") = "LabWebApp", "LabWebApp\LabWebApp.csproj", "{5BFDC0E7-4AF6-49EA-8266-8281C1703301}"
EndProject
Global
	GlobalSection(SolutionConfigurationPlatforms) = preSolution
		Debug|Any CPU = Debug|Any CPU
		Release|Any CPU = Release|Any CPU
	EndGlobalSection
	GlobalSection(ProjectConfigurationPlatforms) = postSolution
		{5BFDC0E7-4AF6-49EA-8266-8281C1703301}.Debug|Any CPU.ActiveCfg = Debug|Any CPU
		{5BFDC0E7-4AF6-49EA-8266-8281C1703301}.Debug|Any CPU.Build.0 = Debug|Any CPU
		{5BFDC0E7-4AF6-49EA-8266-8281C1703301}.Release|Any CPU.ActiveCfg = Release|Any CPU
		{5BFDC0E7-4AF6-49EA-8266-8281C1703301}.Release|Any CPU.Build.0 = Release|Any CPU
	EndGlobalSection
	GlobalSection(SolutionProperties) = preSolution
		HideSolutionNode = FALSE
	EndGlobalSection
	GlobalSection(ExtensibilityGlobals) = postSolution
		SolutionGuid = {C63DD028-3E5F-4DDC-B7FC-7918D5923C27}
	EndGlobalSection
EndGlobal
